
Microsoft Visual Studio Solution File, Format Version 12.00
# Visual Studio Version 16
VisualStudioVersion = 16.0.31112.23
MinimumVisualStudioVersion = 10.0.40219.1
Project("{FAE04EC0-301F-11D3-BF4B-00C04F79EFBC}") = "AppMVCBasica", "AppMVCBasica\AppMVCBasica.csproj", "{78BBBD43-4A11-49F3-BAAB-FBD2D6B3A94F}"
EndProject
Global
	GlobalSection(SolutionConfigurationPlatforms) = preSolution
		Debug|Any CPU = Debug|Any CPU
		Release|Any CPU = Release|Any CPU
	EndGlobalSection
	GlobalSection(ProjectConfigurationPlatforms) = postSolution
		{78BBBD43-4A11-49F3-BAAB-FBD2D6B3A94F}.Debug|Any CPU.ActiveCfg = Debug|Any CPU
		{78BBBD43-4A11-49F3-BAAB-FBD2D6B3A94F}.Debug|Any CPU.Build.0 = Debug|Any CPU
		{78BBBD43-4A11-49F3-BAAB-FBD2D6B3A94F}.Release|Any CPU.ActiveCfg = Release|Any CPU
		{78BBBD43-4A11-49F3-BAAB-FBD2D6B3A94F}.Release|Any CPU.Build.0 = Release|Any CPU
	EndGlobalSection
	GlobalSection(SolutionProperties) = preSolution
		HideSolutionNode = FALSE
	EndGlobalSection
	GlobalSection(ExtensibilityGlobals) = postSolution
		SolutionGuid = {3C10E8F5-F1D9-4491-8DFA-7F89EF5175CE}
	EndGlobalSection
EndGlobal
